
Microsoft Visual Studio Solution File, Format Version 12.00
# Visual Studio Version 17
VisualStudioVersion = 17.9.34622.214
MinimumVisualStudioVersion = 10.0.40219.1
Project("{FAE04EC0-301F-11D3-BF4B-00C04F79EFBC}") = "EMS_Project", "EMS_Project\EMS_Project.csproj", "{C92F392C-163D-4997-9591-D184215025F2}"
EndProject
Global
	GlobalSection(SolutionConfigurationPlatforms) = preSolution
		Debug|Any CPU = Debug|Any CPU
		Release|Any CPU = Release|Any CPU
	EndGlobalSection
	GlobalSection(ProjectConfigurationPlatforms) = postSolution
		{C92F392C-163D-4997-9591-D184215025F2}.Debug|Any CPU.ActiveCfg = Debug|Any CPU
		{C92F392C-163D-4997-9591-D184215025F2}.Debug|Any CPU.Build.0 = Debug|Any CPU
		{C92F392C-163D-4997-9591-D184215025F2}.Release|Any CPU.ActiveCfg = Release|Any CPU
		{C92F392C-163D-4997-9591-D184215025F2}.Release|Any CPU.Build.0 = Release|Any CPU
	EndGlobalSection
	GlobalSection(SolutionProperties) = preSolution
		HideSolutionNode = FALSE
	EndGlobalSection
	GlobalSection(ExtensibilityGlobals) = postSolution
		SolutionGuid = {8A9C4F04-8CC7-45D0-9030-6C686E47A72B}
	EndGlobalSection
EndGlobal
